
Microsoft Visual Studio Solution File, Format Version 12.00
# Visual Studio Version 16
VisualStudioVersion = 16.0.29123.88
MinimumVisualStudioVersion = 10.0.40219.1
Project("{FAE04EC0-301F-11D3-BF4B-00C04F79EFBC}") = "cw1", "cw1.csproj", "{7F794F99-7428-4A7A-9942-E6C94B4FECD7}"
EndProject
Global
	GlobalSection(SolutionConfigurationPlatforms) = preSolution
		Debug|Any CPU = Debug|Any CPU
		Release|Any CPU = Release|Any CPU
	EndGlobalSection
	GlobalSection(ProjectConfigurationPlatforms) = postSolution
		{7F794F99-7428-4A7A-9942-E6C94B4FECD7}.Debug|Any CPU.ActiveCfg = Debug|Any CPU
		{7F794F99-7428-4A7A-9942-E6C94B4FECD7}.Debug|Any CPU.Build.0 = Debug|Any CPU
		{7F794F99-7428-4A7A-9942-E6C94B4FECD7}.Release|Any CPU.ActiveCfg = Release|Any CPU
		{7F794F99-7428-4A7A-9942-E6C94B4FECD7}.Release|Any CPU.Build.0 = Release|Any CPU
	EndGlobalSection
	GlobalSection(SolutionProperties) = preSolution
		HideSolutionNode = FALSE
	EndGlobalSection
	GlobalSection(ExtensibilityGlobals) = postSolution
		SolutionGuid = {F3521789-AD7F-436B-9AB5-9668C9099012}
	EndGlobalSection
EndGlobal
